
Microsoft Visual Studio Solution File, Format Version 12.00
# Visual Studio Version 17
VisualStudioVersion = 17.4.33213.308
MinimumVisualStudioVersion = 10.0.40219.1
Project("{9A19103F-16F7-4668-BE54-9A1E7A4F7556}") = "Strategy", "Strategy\Strategy.csproj", "{97DC10FF-9C37-4A91-ABD5-479203FB0037}"
EndProject
Project("{9A19103F-16F7-4668-BE54-9A1E7A4F7556}") = "ChainResposability", "ChainResposability\ChainResposability.csproj", "{7CF942BC-F820-4A96-A225-5C00C40D8FD0}"
EndProject
Project("{9A19103F-16F7-4668-BE54-9A1E7A4F7556}") = "TemplatesMethod", "TemplatesMethod\TemplatesMethod.csproj", "{4863B67A-11F4-41CF-A314-ED4C06E2EC06}"
EndProject
Project("{9A19103F-16F7-4668-BE54-9A1E7A4F7556}") = "FactoryConnection", "FactoryConnection\FactoryConnection.csproj", "{63D2623A-59B7-4F8A-B5BF-04283A9DE200}"
EndProject
Project("{9A19103F-16F7-4668-BE54-9A1E7A4F7556}") = "Memento", "Memento\Memento.csproj", "{51412B7B-6222-4C83-9CB6-865B494A68DB}"
EndProject
Project("{FAE04EC0-301F-11D3-BF4B-00C04F79EFBC}") = "Interpreter", "Interpreter\Interpreter.csproj", "{DB8FD88A-C64A-4E0F-8043-93524F9E1909}"
EndProject
Global
	GlobalSection(SolutionConfigurationPlatforms) = preSolution
		Debug|Any CPU = Debug|Any CPU
		Release|Any CPU = Release|Any CPU
	EndGlobalSection
	GlobalSection(ProjectConfigurationPlatforms) = postSolution
		{97DC10FF-9C37-4A91-ABD5-479203FB0037}.Debug|Any CPU.ActiveCfg = Debug|Any CPU
		{97DC10FF-9C37-4A91-ABD5-479203FB0037}.Debug|Any CPU.Build.0 = Debug|Any CPU
		{97DC10FF-9C37-4A91-ABD5-479203FB0037}.Release|Any CPU.ActiveCfg = Release|Any CPU
		{97DC10FF-9C37-4A91-ABD5-479203FB0037}.Release|Any CPU.Build.0 = Release|Any CPU
		{7CF942BC-F820-4A96-A225-5C00C40D8FD0}.Debug|Any CPU.ActiveCfg = Debug|Any CPU
		{7CF942BC-F820-4A96-A225-5C00C40D8FD0}.Debug|Any CPU.Build.0 = Debug|Any CPU
		{7CF942BC-F820-4A96-A225-5C00C40D8FD0}.Release|Any CPU.ActiveCfg = Release|Any CPU
		{7CF942BC-F820-4A96-A225-5C00C40D8FD0}.Release|Any CPU.Build.0 = Release|Any CPU
		{4863B67A-11F4-41CF-A314-ED4C06E2EC06}.Debug|Any CPU.ActiveCfg = Debug|Any CPU
		{4863B67A-11F4-41CF-A314-ED4C06E2EC06}.Debug|Any CPU.Build.0 = Debug|Any CPU
		{4863B67A-11F4-41CF-A314-ED4C06E2EC06}.Release|Any CPU.ActiveCfg = Release|Any CPU
		{4863B67A-11F4-41CF-A314-ED4C06E2EC06}.Release|Any CPU.Build.0 = Release|Any CPU
		{63D2623A-59B7-4F8A-B5BF-04283A9DE200}.Debug|Any CPU.ActiveCfg = Debug|Any CPU
		{63D2623A-59B7-4F8A-B5BF-04283A9DE200}.Debug|Any CPU.Build.0 = Debug|Any CPU
		{63D2623A-59B7-4F8A-B5BF-04283A9DE200}.Release|Any CPU.ActiveCfg = Release|Any CPU
		{63D2623A-59B7-4F8A-B5BF-04283A9DE200}.Release|Any CPU.Build.0 = Release|Any CPU
		{51412B7B-6222-4C83-9CB6-865B494A68DB}.Debug|Any CPU.ActiveCfg = Debug|Any CPU
		{51412B7B-6222-4C83-9CB6-865B494A68DB}.Debug|Any CPU.Build.0 = Debug|Any CPU
		{51412B7B-6222-4C83-9CB6-865B494A68DB}.Release|Any CPU.ActiveCfg = Release|Any CPU
		{51412B7B-6222-4C83-9CB6-865B494A68DB}.Release|Any CPU.Build.0 = Release|Any CPU
		{DB8FD88A-C64A-4E0F-8043-93524F9E1909}.Debug|Any CPU.ActiveCfg = Debug|Any CPU
		{DB8FD88A-C64A-4E0F-8043-93524F9E1909}.Debug|Any CPU.Build.0 = Debug|Any CPU
		{DB8FD88A-C64A-4E0F-8043-93524F9E1909}.Release|Any CPU.ActiveCfg = Release|Any CPU
		{DB8FD88A-C64A-4E0F-8043-93524F9E1909}.Release|Any CPU.Build.0 = Release|Any CPU
	EndGlobalSection
	GlobalSection(SolutionProperties) = preSolution
		HideSolutionNode = FALSE
	EndGlobalSection
	GlobalSection(ExtensibilityGlobals) = postSolution
		SolutionGuid = {EE84F2A5-E9C2-4043-AF4C-26BD5A7BEAF5}
	EndGlobalSection
EndGlobal
